
Microsoft Visual Studio Solution File, Format Version 12.00
# Visual Studio Version 16
VisualStudioVersion = 16.0.30204.135
MinimumVisualStudioVersion = 10.0.40219.1
Project("{FAE04EC0-301F-11D3-BF4B-00C04F79EFBC}") = "WindowsFormsApp7", "WindowsFormsApp7\WindowsFormsApp7.csproj", "{4E5717E1-64E5-4BDF-8863-FE7A7917862E}"
EndProject
Global
	GlobalSection(SolutionConfigurationPlatforms) = preSolution
		Debug|Any CPU = Debug|Any CPU
		Release|Any CPU = Release|Any CPU
	EndGlobalSection
	GlobalSection(ProjectConfigurationPlatforms) = postSolution
		{4E5717E1-64E5-4BDF-8863-FE7A7917862E}.Debug|Any CPU.ActiveCfg = Debug|Any CPU
		{4E5717E1-64E5-4BDF-8863-FE7A7917862E}.Debug|Any CPU.Build.0 = Debug|Any CPU
		{4E5717E1-64E5-4BDF-8863-FE7A7917862E}.Release|Any CPU.ActiveCfg = Release|Any CPU
		{4E5717E1-64E5-4BDF-8863-FE7A7917862E}.Release|Any CPU.Build.0 = Release|Any CPU
	EndGlobalSection
	GlobalSection(SolutionProperties) = preSolution
		HideSolutionNode = FALSE
	EndGlobalSection
	GlobalSection(ExtensibilityGlobals) = postSolution
		SolutionGuid = {7DE0E177-186B-468F-B156-50ADCA50989F}
	EndGlobalSection
EndGlobal
